GEM
  remote: https://rubygems.org/
  specs:
    diff-lcs (1.6.2)
    rspec (3.13.2)
      rspec-core (~> 3.13.0)
      rspec-expectations (~> 3.13.0)
      rspec-mocks (~> 3.13.0)
    rspec-core (3.13.6)
      rspec-support (~> 3.13.0)
    rspec-expectations (3.13.5)
      diff-lcs (>= 1.2.0, < 2.0)
      rspec-support (~> 3.13.0)
    rspec-mocks (3.13.8)
      diff-lcs (>= 1.2.0, < 2.0)
      rspec-support (~> 3.13.0)
    rspec-support (3.13.7)

PLATFORMS
  arm64-darwin-24
  ruby

DEPENDENCIES
  rspec (~> 3.10)

CHECKSUMS
  bundler (4.1.0.beta1) sha256=8a2dac8ca276ff4eff5efc2c6457b0044080fc1e431534ad7c5cc6187232b800
  diff-lcs (1.6.2)
  rspec (3.13.2)
  rspec-core (3.13.6)
  rspec-expectations (3.13.5)
  rspec-mocks (3.13.8)
  rspec-support (3.13.7)

BUNDLED WITH
  4.1.0.beta1
